
Microsoft Visual Studio Solution File, Format Version 12.00
# Visual Studio 15
VisualStudioVersion = 15.0.28307.329
MinimumVisualStudioVersion = 10.0.40219.1
Project("{FAE04EC0-301F-11D3-BF4B-00C04F79EFBC}") = "MusicMaker", "MusicMaker\MusicMaker.csproj", "{1E9873ED-7E6A-4116-A457-CDC51C5DA184}"
EndProject
Global
	GlobalSection(SolutionConfigurationPlatforms) = preSolution
		Debug|Any CPU = Debug|Any CPU
		Release|Any CPU = Release|Any CPU
	EndGlobalSection
	GlobalSection(ProjectConfigurationPlatforms) = postSolution
		{1E9873ED-7E6A-4116-A457-CDC51C5DA184}.Debug|Any CPU.ActiveCfg = Debug|Any CPU
		{1E9873ED-7E6A-4116-A457-CDC51C5DA184}.Debug|Any CPU.Build.0 = Debug|Any CPU
		{1E9873ED-7E6A-4116-A457-CDC51C5DA184}.Release|Any CPU.ActiveCfg = Release|Any CPU
		{1E9873ED-7E6A-4116-A457-CDC51C5DA184}.Release|Any CPU.Build.0 = Release|Any CPU
	EndGlobalSection
	GlobalSection(SolutionProperties) = preSolution
		HideSolutionNode = FALSE
	EndGlobalSection
	GlobalSection(ExtensibilityGlobals) = postSolution
		SolutionGuid = {76405011-F9B6-41D3-806F-888E94C41EB5}
	EndGlobalSection
EndGlobal
